
Microsoft Visual Studio Solution File, Format Version 12.00
# Visual Studio 2013
VisualStudioVersion = 12.0.31101.0
MinimumVisualStudioVersion = 10.0.40219.1
Project("{FAE04EC0-301F-11D3-BF4B-00C04F79EFBC}") = "Dream", "Dream\Dream.csproj", "{8A1C6666-95C3-4AD3-B351-4119F36A53E8}"
EndProject
Project("{FAE04EC0-301F-11D3-BF4B-00C04F79EFBC}") = "Dream.Cms.Web", "Dream.Cms.Web\Dream.Cms.Web.csproj", "{3285542A-57B9-4163-B5A5-FA05FB92138C}"
EndProject
Project("{FAE04EC0-301F-11D3-BF4B-00C04F79EFBC}") = "Dream.Cms", "Dream.Cms\Dream.Cms.csproj", "{E952BAD6-67BA-4C7B-B501-6566A17129DD}"
EndProject
Project("{FAE04EC0-301F-11D3-BF4B-00C04F79EFBC}") = "Dream.Authorize", "Dream.Authorize\Dream.Authorize.csproj", "{5BF90915-1C05-454F-A18E-D90EE0765A60}"
EndProject
Project("{FAE04EC0-301F-11D3-BF4B-00C04F79EFBC}") = "Dream.Shop", "Dream.Shop\Dream.Shop.csproj", "{CACC724F-9F42-400A-AB52-C7B881CC6925}"
EndProject
Project("{FAE04EC0-301F-11D3-BF4B-00C04F79EFBC}") = "Dream.CMMI", "Dream.CMMI\Dream.CMMI.csproj", "{2AFD07BD-006D-427D-8169-6698E3BAB0E7}"
EndProject
Project("{FAE04EC0-301F-11D3-BF4B-00C04F79EFBC}") = "Dream.CMMI.Site", "Dream.CMMI.Site\Dream.CMMI.Site.csproj", "{D5C7EA12-4788-48D1-95B9-2A4412465891}"
EndProject
Global
	GlobalSection(SolutionConfigurationPlatforms) = preSolution
		Debug|Any CPU = Debug|Any CPU
		Release|Any CPU = Release|Any CPU
	EndGlobalSection
	GlobalSection(ProjectConfigurationPlatforms) = postSolution
		{8A1C6666-95C3-4AD3-B351-4119F36A53E8}.Debug|Any CPU.ActiveCfg = Debug|Any CPU
		{8A1C6666-95C3-4AD3-B351-4119F36A53E8}.Debug|Any CPU.Build.0 = Debug|Any CPU
		{8A1C6666-95C3-4AD3-B351-4119F36A53E8}.Release|Any CPU.ActiveCfg = Release|Any CPU
		{8A1C6666-95C3-4AD3-B351-4119F36A53E8}.Release|Any CPU.Build.0 = Release|Any CPU
		{3285542A-57B9-4163-B5A5-FA05FB92138C}.Debug|Any CPU.ActiveCfg = Debug|Any CPU
		{3285542A-57B9-4163-B5A5-FA05FB92138C}.Debug|Any CPU.Build.0 = Debug|Any CPU
		{3285542A-57B9-4163-B5A5-FA05FB92138C}.Release|Any CPU.ActiveCfg = Release|Any CPU
		{3285542A-57B9-4163-B5A5-FA05FB92138C}.Release|Any CPU.Build.0 = Release|Any CPU
		{E952BAD6-67BA-4C7B-B501-6566A17129DD}.Debug|Any CPU.ActiveCfg = Debug|Any CPU
		{E952BAD6-67BA-4C7B-B501-6566A17129DD}.Debug|Any CPU.Build.0 = Debug|Any CPU
		{E952BAD6-67BA-4C7B-B501-6566A17129DD}.Release|Any CPU.ActiveCfg = Release|Any CPU
		{E952BAD6-67BA-4C7B-B501-6566A17129DD}.Release|Any CPU.Build.0 = Release|Any CPU
		{5BF90915-1C05-454F-A18E-D90EE0765A60}.Debug|Any CPU.ActiveCfg = Debug|Any CPU
		{5BF90915-1C05-454F-A18E-D90EE0765A60}.Debug|Any CPU.Build.0 = Debug|Any CPU
		{5BF90915-1C05-454F-A18E-D90EE0765A60}.Release|Any CPU.ActiveCfg = Release|Any CPU
		{5BF90915-1C05-454F-A18E-D90EE0765A60}.Release|Any CPU.Build.0 = Release|Any CPU
		{CACC724F-9F42-400A-AB52-C7B881CC6925}.Debug|Any CPU.ActiveCfg = Debug|Any CPU
		{CACC724F-9F42-400A-AB52-C7B881CC6925}.Debug|Any CPU.Build.0 = Debug|Any CPU
		{CACC724F-9F42-400A-AB52-C7B881CC6925}.Release|Any CPU.ActiveCfg = Release|Any CPU
		{CACC724F-9F42-400A-AB52-C7B881CC6925}.Release|Any CPU.Build.0 = Release|Any CPU
		{2AFD07BD-006D-427D-8169-6698E3BAB0E7}.Debug|Any CPU.ActiveCfg = Debug|Any CPU
		{2AFD07BD-006D-427D-8169-6698E3BAB0E7}.Debug|Any CPU.Build.0 = Debug|Any CPU
		{2AFD07BD-006D-427D-8169-6698E3BAB0E7}.Release|Any CPU.ActiveCfg = Release|Any CPU
		{2AFD07BD-006D-427D-8169-6698E3BAB0E7}.Release|Any CPU.Build.0 = Release|Any CPU
		{D5C7EA12-4788-48D1-95B9-2A4412465891}.Debug|Any CPU.ActiveCfg = Debug|Any CPU
		{D5C7EA12-4788-48D1-95B9-2A4412465891}.Debug|Any CPU.Build.0 = Debug|Any CPU
		{D5C7EA12-4788-48D1-95B9-2A4412465891}.Release|Any CPU.ActiveCfg = Release|Any CPU
		{D5C7EA12-4788-48D1-95B9-2A4412465891}.Release|Any CPU.Build.0 = Release|Any CPU
	EndGlobalSection
	GlobalSection(SolutionProperties) = preSolution
		HideSolutionNode = FALSE
	EndGlobalSection
EndGlobal
